
Microsoft Visual Studio Solution File, Format Version 12.00
# Visual Studio Version 16
VisualStudioVersion = 16.0.35826.135
MinimumVisualStudioVersion = 10.0.40219.1
Project("{FAE04EC0-301F-11D3-BF4B-00C04F79EFBC}") = "BDForControlOfSalesAndDataMath", "BDForControlOfSalesAndDataMath\BDForControlOfSalesAndDataMath.csproj", "{27125FD6-373C-46A2-A523-8D60C8AE71FD}"
EndProject
Global
	GlobalSection(SolutionConfigurationPlatforms) = preSolution
		Debug|Any CPU = Debug|Any CPU
		Release|Any CPU = Release|Any CPU
	EndGlobalSection
	GlobalSection(ProjectConfigurationPlatforms) = postSolution
		{27125FD6-373C-46A2-A523-8D60C8AE71FD}.Debug|Any CPU.ActiveCfg = Debug|Any CPU
		{27125FD6-373C-46A2-A523-8D60C8AE71FD}.Debug|Any CPU.Build.0 = Debug|Any CPU
		{27125FD6-373C-46A2-A523-8D60C8AE71FD}.Release|Any CPU.ActiveCfg = Release|Any CPU
		{27125FD6-373C-46A2-A523-8D60C8AE71FD}.Release|Any CPU.Build.0 = Release|Any CPU
	EndGlobalSection
	GlobalSection(SolutionProperties) = preSolution
		HideSolutionNode = FALSE
	EndGlobalSection
	GlobalSection(ExtensibilityGlobals) = postSolution
		SolutionGuid = {BEA38A12-9A5D-4DCF-A829-4E4770564730}
	EndGlobalSection
EndGlobal
